
Microsoft Visual Studio Solution File, Format Version 12.00
# Visual Studio 15
VisualStudioVersion = 15.0.28307.539
MinimumVisualStudioVersion = 10.0.40219.1
Project("{9A19103F-16F7-4668-BE54-9A1E7A4F7556}") = "ADAPT console", "ADAPT console\ADAPT console.csproj", "{B8285AAB-DC49-4FD8-B0CF-9E615B6BF677}"
EndProject
Global
	GlobalSection(SolutionConfigurationPlatforms) = preSolution
		Debug|Any CPU = Debug|Any CPU
		exe's|Any CPU = exe's|Any CPU
		Release|Any CPU = Release|Any CPU
	EndGlobalSection
	GlobalSection(ProjectConfigurationPlatforms) = postSolution
		{B8285AAB-DC49-4FD8-B0CF-9E615B6BF677}.Debug|Any CPU.ActiveCfg = Debug|Any CPU
		{B8285AAB-DC49-4FD8-B0CF-9E615B6BF677}.Debug|Any CPU.Build.0 = Debug|Any CPU
		{B8285AAB-DC49-4FD8-B0CF-9E615B6BF677}.exe's|Any CPU.ActiveCfg = exe's|Any CPU
		{B8285AAB-DC49-4FD8-B0CF-9E615B6BF677}.exe's|Any CPU.Build.0 = exe's|Any CPU
		{B8285AAB-DC49-4FD8-B0CF-9E615B6BF677}.Release|Any CPU.ActiveCfg = Release|Any CPU
		{B8285AAB-DC49-4FD8-B0CF-9E615B6BF677}.Release|Any CPU.Build.0 = Release|Any CPU
	EndGlobalSection
	GlobalSection(SolutionProperties) = preSolution
		HideSolutionNode = FALSE
	EndGlobalSection
	GlobalSection(ExtensibilityGlobals) = postSolution
		SolutionGuid = {3123AD42-35E5-4E89-8398-2E2366A8D6D7}
	EndGlobalSection
EndGlobal
